{
  "name": "s3npm",
  "version": "0.0.8",
  "lockfileVersion": 1,
  "requires": true,
  "dependencies": {
    "ansi-regex": {
      "version": "2.1.1",
      "resolved": "https://registry.npmjs.org/ansi-regex/-/ansi-regex-2.1.1.tgz",
      "integrity": "sha1-w7M6te42DYbg5ijwRorn7yfWVN8="
    },
    "aproba": {
      "version": "1.1.2",
      "resolved": "https://registry.npmjs.org/aproba/-/aproba-1.1.2.tgz",
      "integrity": "sha512-ZpYajIfO0j2cOFTO955KUMIKNmj6zhX8kVztMAxFsDaMwz+9Z9SV0uou2pC9HJqcfpffOsjnbrDMvkNy+9RXPw=="
    },
    "are-we-there-yet": {
      "version": "1.1.4",
      "resolved": "https://registry.npmjs.org/are-we-there-yet/-/are-we-there-yet-1.1.4.tgz",
      "integrity": "sha1-u13KOCu5TwXhUZQ3PRb9O6HKEQ0=",
      "requires": {
        "delegates": "1.0.0",
        "readable-stream": "2.3.3"
      }
    },
    "asn1": {
      "version": "0.1.11",
      "resolved": "https://registry.npmjs.org/asn1/-/asn1-0.1.11.tgz",
      "integrity": "sha1-VZvhg3bQik7E2+gId9J4GGObLfc="
    },
    "assert-plus": {
      "version": "0.1.2",
      "resolved": "https://registry.npmjs.org/assert-plus/-/assert-plus-0.1.2.tgz",
      "integrity": "sha1-2T/9u2esVQd3m+MWp9ZRRkF77vg="
    },
    "async": {
      "version": "0.2.10",
      "resolved": "https://registry.npmjs.org/async/-/async-0.2.10.tgz",
      "integrity": "sha1-trvgsGdLnXGXCMo43owjfLUmw9E="
    },
    "aws-credentials": {
      "version": "0.0.1",
      "resolved": "https://registry.npmjs.org/aws-credentials/-/aws-credentials-0.0.1.tgz",
      "integrity": "sha1-xNfJQbiddsYfhvbLTTst+35tAFA="
    },
    "aws-sign": {
      "version": "0.3.0",
      "resolved": "https://registry.npmjs.org/aws-sign/-/aws-sign-0.3.0.tgz",
      "integrity": "sha1-PYHKabR0seFlGHKLUcJP8Lvtxuk="
    },
    "boom": {
      "version": "0.4.2",
      "resolved": "https://registry.npmjs.org/boom/-/boom-0.4.2.tgz",
      "integrity": "sha1-emNune1O/O+xnO9JR6PGffrukRs=",
      "requires": {
        "hoek": "0.9.1"
      },
      "dependencies": {
        "hoek": {
          "version": "0.9.1",
          "resolved": "https://registry.npmjs.org/hoek/-/hoek-0.9.1.tgz",
          "integrity": "sha1-PTIkYrrfB3Fup+uFuviAec3c5QU="
        }
      }
    },
    "code-point-at": {
      "version": "1.1.0",
      "resolved": "https://registry.npmjs.org/code-point-at/-/code-point-at-1.1.0.tgz",
      "integrity": "sha1-DQcLTQQ6W+ozovGkDi7bPZpMz3c="
    },
    "colors": {
      "version": "0.6.2",
      "resolved": "https://registry.npmjs.org/colors/-/colors-0.6.2.tgz",
      "integrity": "sha1-JCP+ZnisDF2uiFLl0OW+CMmXq8w="
    },
    "combined-stream": {
      "version": "0.0.7",
      "resolved": "https://registry.npmjs.org/combined-stream/-/combined-stream-0.0.7.tgz",
      "integrity": "sha1-ATfmV7qlp1QcV6w3rF/AfXO03B8=",
      "requires": {
        "delayed-stream": "0.0.5"
      }
    },
    "confuse": {
      "version": "0.0.1",
      "resolved": "https://registry.npmjs.org/confuse/-/confuse-0.0.1.tgz",
      "integrity": "sha1-wCFtvg6EE/C4EanCwGxPdCBfqlE=",
      "requires": {
        "figc": "0.0.3",
        "optimist": "0.3.7",
        "parents": "0.0.3"
      },
      "dependencies": {
        "optimist": {
          "version": "0.3.7",
          "resolved": "https://registry.npmjs.org/optimist/-/optimist-0.3.7.tgz",
          "integrity": "sha1-yQlBrVnkJzMokjB00s8ufLxuwNk=",
          "requires": {
            "wordwrap": "0.0.3"
          }
        }
      }
    },
    "console-control-strings": {
      "version": "1.1.0",
      "resolved": "https://registry.npmjs.org/console-control-strings/-/console-control-strings-1.1.0.tgz",
      "integrity": "sha1-PXz0Rk22RG6mRL9LOVB/mFEAjo4="
    },
    "cookie-jar": {
      "version": "0.3.0",
      "resolved": "https://registry.npmjs.org/cookie-jar/-/cookie-jar-0.3.0.tgz",
      "integrity": "sha1-vJon1OK5fhhs1XyeIGPLmfpozMw="
    },
    "core-util-is": {
      "version": "1.0.2",
      "resolved": "https://registry.npmjs.org/core-util-is/-/core-util-is-1.0.2.tgz",
      "integrity": "sha1-tf1UIgqivFq1eqtxQMlAdUUDwac="
    },
    "cryptiles": {
      "version": "0.2.2",
      "resolved": "https://registry.npmjs.org/cryptiles/-/cryptiles-0.2.2.tgz",
      "integrity": "sha1-7ZH/HxetE9N0gohZT4pIoNJvMlw=",
      "requires": {
        "boom": "0.4.2"
      }
    },
    "ctype": {
      "version": "0.5.2",
      "resolved": "https://registry.npmjs.org/ctype/-/ctype-0.5.2.tgz",
      "integrity": "sha1-/oCR1Gijc6Cwyf+Lv7NCXACXOh0="
    },
    "debug": {
      "version": "0.7.4",
      "resolved": "https://registry.npmjs.org/debug/-/debug-0.7.4.tgz",
      "integrity": "sha1-BuHqgILCyxTjmAbiLi9vdX+Srzk="
    },
    "deep-equal": {
      "version": "0.0.0",
      "resolved": "https://registry.npmjs.org/deep-equal/-/deep-equal-0.0.0.tgz",
      "integrity": "sha1-mWedO70EcVb81FDT0B7rkGhpHoM=",
      "dev": true
    },
    "deepmerge": {
      "version": "0.2.10",
      "resolved": "https://registry.npmjs.org/deepmerge/-/deepmerge-0.2.10.tgz",
      "integrity": "sha1-iQa/nlJaT78bIDsq/LRkAkmCEhk="
    },
    "defined": {
      "version": "0.0.0",
      "resolved": "https://registry.npmjs.org/defined/-/defined-0.0.0.tgz",
      "integrity": "sha1-817qfXBekzuvE7LwOz+D2SFAOz4=",
      "dev": true
    },
    "delayed-stream": {
      "version": "0.0.5",
      "resolved": "https://registry.npmjs.org/delayed-stream/-/delayed-stream-0.0.5.tgz",
      "integrity": "sha1-1LH0OpPoKW3+AmlPRoC8N6MTxz8="
    },
    "delegates": {
      "version": "1.0.0",
      "resolved": "https://registry.npmjs.org/delegates/-/delegates-1.0.0.tgz",
      "integrity": "sha1-hMbhWbgZBP3KWaDvRM2HDTElD5o="
    },
    "figc": {
      "version": "0.0.3",
      "resolved": "https://registry.npmjs.org/figc/-/figc-0.0.3.tgz",
      "integrity": "sha1-git5Ytw1iRLlA7uTz9Cl5ch2whc=",
      "requires": {
        "deepmerge": "0.2.10",
        "optimist": "0.3.7"
      },
      "dependencies": {
        "optimist": {
          "version": "0.3.7",
          "resolved": "https://registry.npmjs.org/optimist/-/optimist-0.3.7.tgz",
          "integrity": "sha1-yQlBrVnkJzMokjB00s8ufLxuwNk=",
          "requires": {
            "wordwrap": "0.0.3"
          }
        }
      }
    },
    "forever-agent": {
      "version": "0.5.2",
      "resolved": "https://registry.npmjs.org/forever-agent/-/forever-agent-0.5.2.tgz",
      "integrity": "sha1-bQ4JxJIflKJ/Y9O0nF/v8epMUTA="
    },
    "form-data": {
      "version": "0.0.8",
      "resolved": "https://registry.npmjs.org/form-data/-/form-data-0.0.8.tgz",
      "integrity": "sha1-CJDNEAXFzOzAudJKiAUskkQtDbU=",
      "requires": {
        "async": "0.2.10",
        "combined-stream": "0.0.7",
        "mime": "1.2.11"
      },
      "dependencies": {
        "mime": {
          "version": "1.2.11",
          "resolved": "https://registry.npmjs.org/mime/-/mime-1.2.11.tgz",
          "integrity": "sha1-WCA+7Ybjpe8XrtK32evUfwpg3RA="
        }
      }
    },
    "gauge": {
      "version": "2.7.4",
      "resolved": "https://registry.npmjs.org/gauge/-/gauge-2.7.4.tgz",
      "integrity": "sha1-LANAXHU4w51+s3sxcCLjJfsBi/c=",
      "requires": {
        "aproba": "1.1.2",
        "console-control-strings": "1.1.0",
        "has-unicode": "2.0.1",
        "object-assign": "4.1.1",
        "signal-exit": "3.0.2",
        "string-width": "1.0.2",
        "strip-ansi": "3.0.1",
        "wide-align": "1.1.2"
      }
    },
    "gitconfiglocal": {
      "version": "0.0.0",
      "resolved": "https://registry.npmjs.org/gitconfiglocal/-/gitconfiglocal-0.0.0.tgz",
      "integrity": "sha1-rdiWx6wyazKL3ca0I4eQIJmGc+w=",
      "requires": {
        "ini": "1.1.0"
      }
    },
    "github-url": {
      "version": "1.0.0",
      "resolved": "https://registry.npmjs.org/github-url/-/github-url-1.0.0.tgz",
      "integrity": "sha1-XmDSPIo1LXp0Wf1sV/2ixKFVT3A="
    },
    "has-unicode": {
      "version": "2.0.1",
      "resolved": "https://registry.npmjs.org/has-unicode/-/has-unicode-2.0.1.tgz",
      "integrity": "sha1-4Ob+aijPUROIVeCG0Wkedx3iqLk="
    },
    "hawk": {
      "version": "0.13.1",
      "resolved": "https://registry.npmjs.org/hawk/-/hawk-0.13.1.tgz",
      "integrity": "sha1-NheViCH1gxHk1/beKR/KZitBLvQ=",
      "requires": {
        "boom": "0.4.2",
        "cryptiles": "0.2.2",
        "hoek": "0.8.5",
        "sntp": "0.2.4"
      }
    },
    "hoek": {
      "version": "0.8.5",
      "resolved": "https://registry.npmjs.org/hoek/-/hoek-0.8.5.tgz",
      "integrity": "sha1-Hp/XcO9+vgJ0rfy1sIBqAlpeTp8="
    },
    "http-signature": {
      "version": "0.9.11",
      "resolved": "https://registry.npmjs.org/http-signature/-/http-signature-0.9.11.tgz",
      "integrity": "sha1-nognFFcjFeZ5Cl0KeVXv/x8Z5lM=",
      "requires": {
        "asn1": "0.1.11",
        "assert-plus": "0.1.2",
        "ctype": "0.5.2"
      }
    },
    "inherits": {
      "version": "2.0.3",
      "resolved": "https://registry.npmjs.org/inherits/-/inherits-2.0.3.tgz",
      "integrity": "sha1-Yzwsg+PaQqUC9SRmAiSA9CCCYd4="
    },
    "ini": {
      "version": "1.1.0",
      "resolved": "https://registry.npmjs.org/ini/-/ini-1.1.0.tgz",
      "integrity": "sha1-ToCMLOFExsF4iRjgNNZ5e8bPYoE="
    },
    "is-fullwidth-code-point": {
      "version": "1.0.0",
      "resolved": "https://registry.npmjs.org/is-fullwidth-code-point/-/is-fullwidth-code-point-1.0.0.tgz",
      "integrity": "sha1-754xOG8DGn8NZDr4L95QxFfvAMs=",
      "requires": {
        "number-is-nan": "1.0.1"
      }
    },
    "isarray": {
      "version": "1.0.0",
      "resolved": "https://registry.npmjs.org/isarray/-/isarray-1.0.0.tgz",
      "integrity": "sha1-u5NdSFgsuhaMBoNJV6VKPgcSTxE="
    },
    "json-stringify-safe": {
      "version": "4.0.0",
      "resolved": "https://registry.npmjs.org/json-stringify-safe/-/json-stringify-safe-4.0.0.tgz",
      "integrity": "sha1-d8JxqupUMC5o7+rMtWq78GqbGlQ="
    },
    "jsonify": {
      "version": "0.0.0",
      "resolved": "https://registry.npmjs.org/jsonify/-/jsonify-0.0.0.tgz",
      "integrity": "sha1-LHS27kHZPKUbe1qu6PUDYx0lKnM=",
      "dev": true
    },
    "knox": {
      "version": "0.5.5",
      "resolved": "https://registry.npmjs.org/knox/-/knox-0.5.5.tgz",
      "integrity": "sha1-FLKzHvWXHSieVxqTKHq5GhabDoM=",
      "requires": {
        "debug": "0.7.4",
        "mime": "2.0.0",
        "xml2js": "0.2.8"
      }
    },
    "mime": {
      "version": "2.0.0",
      "resolved": "https://registry.npmjs.org/mime/-/mime-2.0.0.tgz",
      "integrity": "sha1-5Y4Dlw5E5X7ROUiTsH5jEvcZJeM="
    },
    "node-uuid": {
      "version": "1.4.8",
      "resolved": "https://registry.npmjs.org/node-uuid/-/node-uuid-1.4.8.tgz",
      "integrity": "sha1-sEDrCSOWivq/jTL7HxfxFn/auQc="
    },
    "npm": {
      "version": "1.2.8000",
      "resolved": "https://registry.npmjs.org/npm/-/npm-1.2.8000.tgz",
      "integrity": "sha1-Ki+fpkhtRlLAP4uMYxSkIqdNckU=",
      "requires": {
        "abbrev": "1.0.5",
        "ansi": "0.3.0",
        "ansicolors": "0.3.2",
        "ansistyles": "0.1.3",
        "archy": "0.0.2",
        "block-stream": "0.0.7",
        "char-spinner": "1.0.1",
        "child-process-close": "0.1.1",
        "chmodr": "0.1.0",
        "chownr": "0.0.1",
        "cmd-shim": "1.1.1",
        "columnify": "1.1.0",
        "editor": "0.1.0",
        "fstream": "0.1.27",
        "fstream-npm": "0.1.7",
        "github-url-from-git": "1.1.1",
        "github-url-from-username-repo": "0.2.0",
        "glob": "4.0.2",
        "graceful-fs": "3.0.2",
        "inflight": "1.0.1",
        "inherits": "2.0.1",
        "ini": "1.2.1",
        "init-package-json": "0.1.0",
        "lockfile": "0.4.2",
        "lru-cache": "2.5.0",
        "minimatch": "0.3.0",
        "mkdirp": "0.3.5",
        "node-gyp": "0.13.1",
        "nopt": "3.0.0",
        "npm-cache-filename": "1.0.1",
        "npm-install-checks": "1.0.2",
        "npm-registry-client": "2.0.2",
        "npm-user-validate": "0.1.0",
        "npmconf": "1.0.5",
        "npmlog": "0.1.1",
        "once": "1.3.0",
        "opener": "1.3.0",
        "osenv": "0.1.0",
        "path-is-inside": "1.0.1",
        "read": "1.0.5",
        "read-installed": "2.0.5",
        "read-package-json": "1.2.2",
        "request": "2.30.0",
        "retry": "0.6.0",
        "rimraf": "2.2.8",
        "semver": "2.3.0",
        "sha": "1.2.4",
        "slide": "1.1.5",
        "sorted-object": "1.0.0",
        "tar": "0.1.19",
        "text-table": "0.2.0",
        "uid-number": "0.0.5",
        "which": "1.0.5"
      },
      "dependencies": {
        "abbrev": {
          "version": "1.0.5",
          "bundled": true
        },
        "ansi": {
          "version": "0.3.0",
          "bundled": true
        },
        "ansicolors": {
          "version": "0.3.2",
          "bundled": true
        },
        "ansistyles": {
          "version": "0.1.3",
          "bundled": true
        },
        "archy": {
          "version": "0.0.2",
          "bundled": true
        },
        "block-stream": {
          "version": "0.0.7",
          "bundled": true,
          "requires": {
            "inherits": "2.0.1"
          }
        },
        "char-spinner": {
          "version": "1.0.1",
          "bundled": true
        },
        "child-process-close": {
          "version": "0.1.1",
          "bundled": true
        },
        "chmodr": {
          "version": "0.1.0",
          "bundled": true
        },
        "chownr": {
          "version": "0.0.1",
          "bundled": true
        },
        "cmd-shim": {
          "version": "1.1.1",
          "bundled": true,
          "requires": {
            "graceful-fs": "3.0.2",
            "mkdirp": "0.3.5"
          }
        },
        "columnify": {
          "version": "1.1.0",
          "bundled": true,
          "requires": {
            "strip-ansi": "0.2.2",
            "wcwidth.js": "0.0.4"
          },
          "dependencies": {
            "strip-ansi": {
              "version": "0.2.2",
              "bundled": true,
              "requires": {
                "ansi-regex": "0.1.0"
              },
              "dependencies": {
                "ansi-regex": {
                  "version": "0.1.0",
                  "bundled": true
                }
              }
            },
            "wcwidth.js": {
              "version": "0.0.4",
              "bundled": true,
              "requires": {
                "underscore": "1.6.0"
              },
              "dependencies": {
                "underscore": {
                  "version": "1.6.0",
                  "bundled": true
                }
              }
            }
          }
        },
        "editor": {
          "version": "0.1.0",
          "bundled": true
        },
        "fstream": {
          "version": "0.1.27",
          "bundled": true,
          "requires": {
            "graceful-fs": "3.0.2",
            "inherits": "2.0.1",
            "mkdirp": "0.3.5",
            "rimraf": "2.2.8"
          }
        },
        "fstream-npm": {
          "version": "0.1.7",
          "bundled": true,
          "requires": {
            "fstream-ignore": "0.0.8",
            "inherits": "2.0.1"
          },
          "dependencies": {
            "fstream-ignore": {
              "version": "0.0.8",
              "bundled": true,
              "requires": {
                "fstream": "0.1.27",
                "inherits": "2.0.1",
                "minimatch": "0.3.0"
              }
            }
          }
        },
        "github-url-from-git": {
          "version": "1.1.1",
          "bundled": true
        },
        "github-url-from-username-repo": {
          "version": "0.2.0",
          "bundled": true
        },
        "glob": {
          "version": "4.0.2",
          "bundled": true,
          "requires": {
            "inherits": "2.0.1",
            "minimatch": "0.3.0",
            "once": "1.3.0"
          }
        },
        "graceful-fs": {
          "version": "3.0.2",
          "bundled": true
        },
        "inflight": {
          "version": "1.0.1",
          "bundled": true,
          "requires": {
            "once": "1.3.0"
          }
        },
        "inherits": {
          "version": "2.0.1",
          "bundled": true
        },
        "ini": {
          "version": "1.2.1",
          "bundled": true
        },
        "init-package-json": {
          "version": "0.1.0",
          "bundled": true,
          "requires": {
            "glob": "4.0.2",
            "promzard": "0.2.2",
            "read": "1.0.5",
            "read-package-json": "1.2.2",
            "semver": "2.3.0"
          },
          "dependencies": {
            "promzard": {
              "version": "0.2.2",
              "bundled": true,
              "requires": {
                "read": "1.0.5"
              }
            }
          }
        },
        "isarray": {
          "version": "0.0.1",
          "resolved": "https://registry.npmjs.org/isarray/-/isarray-0.0.1.tgz",
          "integrity": "sha1-ihis/Kmo9Bd+Cav8YDiTmwXR7t8=",
          "optional": true
        },
        "lockfile": {
          "version": "0.4.2",
          "bundled": true
        },
        "lru-cache": {
          "version": "2.5.0",
          "bundled": true
        },
        "minimatch": {
          "version": "0.3.0",
          "bundled": true,
          "requires": {
            "lru-cache": "2.5.0",
            "sigmund": "1.0.0"
          },
          "dependencies": {
            "sigmund": {
              "version": "1.0.0",
              "bundled": true
            }
          }
        },
        "mkdirp": {
          "version": "0.3.5",
          "bundled": true
        },
        "node-gyp": {
          "version": "0.13.1",
          "bundled": true,
          "requires": {
            "fstream": "0.1.27",
            "glob": "4.0.2",
            "graceful-fs": "3.0.2",
            "minimatch": "0.3.0",
            "mkdirp": "0.3.5",
            "nopt": "3.0.0",
            "npmlog": "0.1.1",
            "osenv": "0.1.0",
            "request": "2.30.0",
            "rimraf": "2.2.8",
            "semver": "2.3.0",
            "tar": "0.1.19",
            "which": "1.0.5"
          }
        },
        "nopt": {
          "version": "3.0.0",
          "bundled": true,
          "requires": {
            "abbrev": "1.0.5"
          }
        },
        "npm-cache-filename": {
          "version": "1.0.1",
          "bundled": true
        },
        "npm-install-checks": {
          "version": "1.0.2",
          "bundled": true,
          "requires": {
            "npmlog": "0.1.1",
            "semver": "2.3.0"
          }
        },
        "npm-registry-client": {
          "version": "2.0.2",
          "bundled": true,
          "requires": {
            "chownr": "0.0.1",
            "graceful-fs": "3.0.2",
            "mkdirp": "0.3.5",
            "npm-cache-filename": "1.0.1",
            "npmlog": "4.1.2",
            "request": "2.30.0",
            "retry": "0.6.0",
            "rimraf": "2.2.8",
            "semver": "2.3.0",
            "slide": "1.1.5"
          },
          "dependencies": {
            "npmlog": {
              "version": "4.1.2",
              "resolved": "https://registry.npmjs.org/npmlog/-/npmlog-4.1.2.tgz",
              "integrity": "sha512-2uUqazuKlTaSI/dC8AzicUck7+IrEaOnN/e0jd3Xtt1KcGpwx30v50mL7oPyr/h9bL3E4aZccVwpwP+5W9Vjkg==",
              "requires": {
                "are-we-there-yet": "1.1.4",
                "console-control-strings": "1.1.0",
                "gauge": "2.7.4",
                "set-blocking": "2.0.0"
              }
            }
          }
        },
        "npm-user-validate": {
          "version": "0.1.0",
          "bundled": true
        },
        "npmconf": {
          "version": "1.0.5",
          "bundled": true,
          "requires": {
            "config-chain": "1.1.8",
            "inherits": "2.0.1",
            "ini": "1.2.1",
            "mkdirp": "0.3.5",
            "nopt": "3.0.0",
            "once": "1.3.0",
            "osenv": "0.1.0",
            "semver": "2.3.0",
            "uid-number": "0.0.5"
          },
          "dependencies": {
            "config-chain": {
              "version": "1.1.8",
              "bundled": true,
              "requires": {
                "ini": "1.2.1",
                "proto-list": "1.2.3"
              },
              "dependencies": {
                "proto-list": {
                  "version": "1.2.3",
                  "bundled": true
                }
              }
            }
          }
        },
        "npmlog": {
          "version": "0.1.1",
          "bundled": true,
          "requires": {
            "ansi": "0.3.0"
          }
        },
        "once": {
          "version": "1.3.0",
          "bundled": true
        },
        "opener": {
          "version": "1.3.0",
          "bundled": true
        },
        "osenv": {
          "version": "0.1.0",
          "bundled": true
        },
        "path-is-inside": {
          "version": "1.0.1",
          "bundled": true
        },
        "read": {
          "version": "1.0.5",
          "bundled": true,
          "requires": {
            "mute-stream": "0.0.4"
          },
          "dependencies": {
            "mute-stream": {
              "version": "0.0.4",
              "bundled": true
            }
          }
        },
        "read-installed": {
          "version": "2.0.5",
          "bundled": true,
          "requires": {
            "graceful-fs": "3.0.2",
            "read-package-json": "1.2.2",
            "semver": "2.3.0",
            "slide": "1.1.5",
            "util-extend": "1.0.1"
          },
          "dependencies": {
            "util-extend": {
              "version": "1.0.1",
              "bundled": true
            }
          }
        },
        "read-package-json": {
          "version": "1.2.2",
          "bundled": true,
          "requires": {
            "glob": "4.0.2",
            "graceful-fs": "3.0.2",
            "lru-cache": "2.5.0",
            "normalize-package-data": "0.3.0"
          },
          "dependencies": {
            "normalize-package-data": {
              "version": "0.3.0",
              "bundled": true,
              "requires": {
                "github-url-from-git": "1.1.1",
                "github-url-from-username-repo": "0.2.0",
                "semver": "2.3.0"
              }
            }
          }
        },
        "request": {
          "version": "2.30.0",
          "bundled": true,
          "requires": {
            "aws-sign2": "0.5.0",
            "forever-agent": "0.5.0",
            "form-data": "0.1.2",
            "hawk": "1.0.0",
            "http-signature": "0.10.0",
            "json-stringify-safe": "5.0.0",
            "mime": "1.2.11",
            "node-uuid": "1.4.1",
            "oauth-sign": "0.3.0",
            "qs": "0.6.6",
            "tough-cookie": "0.9.15",
            "tunnel-agent": "0.3.0"
          },
          "dependencies": {
            "aws-sign2": {
              "version": "0.5.0",
              "bundled": true,
              "optional": true
            },
            "forever-agent": {
              "version": "0.5.0",
              "bundled": true
            },
            "form-data": {
              "version": "0.1.2",
              "bundled": true,
              "optional": true,
              "requires": {
                "async": "0.2.9",
                "combined-stream": "0.0.4",
                "mime": "1.2.11"
              },
              "dependencies": {
                "async": {
                  "version": "0.2.9",
                  "bundled": true,
                  "optional": true
                },
                "combined-stream": {
                  "version": "0.0.4",
                  "bundled": true,
                  "optional": true,
                  "requires": {
                    "delayed-stream": "0.0.5"
                  },
                  "dependencies": {
                    "delayed-stream": {
                      "version": "0.0.5",
                      "bundled": true,
                      "optional": true
                    }
                  }
                }
              }
            },
            "hawk": {
              "version": "1.0.0",
              "bundled": true,
              "optional": true,
              "requires": {
                "boom": "0.4.2",
                "cryptiles": "0.2.2",
                "hoek": "0.9.1",
                "sntp": "0.2.4"
              },
              "dependencies": {
                "boom": {
                  "version": "0.4.2",
                  "bundled": true,
                  "requires": {
                    "hoek": "0.9.1"
                  }
                },
                "cryptiles": {
                  "version": "0.2.2",
                  "bundled": true,
                  "optional": true,
                  "requires": {
                    "boom": "0.4.2"
                  }
                },
                "hoek": {
                  "version": "0.9.1",
                  "bundled": true
                },
                "sntp": {
                  "version": "0.2.4",
                  "bundled": true,
                  "optional": true,
                  "requires": {
                    "hoek": "0.9.1"
                  }
                }
              }
            },
            "http-signature": {
              "version": "0.10.0",
              "bundled": true,
              "optional": true,
              "requires": {
                "asn1": "0.1.11",
                "assert-plus": "0.1.2",
                "ctype": "0.5.2"
              },
              "dependencies": {
                "asn1": {
                  "version": "0.1.11",
                  "bundled": true,
                  "optional": true
                },
                "assert-plus": {
                  "version": "0.1.2",
                  "bundled": true,
                  "optional": true
                },
                "ctype": {
                  "version": "0.5.2",
                  "bundled": true,
                  "optional": true
                }
              }
            },
            "json-stringify-safe": {
              "version": "5.0.0",
              "bundled": true
            },
            "mime": {
              "version": "1.2.11",
              "bundled": true
            },
            "node-uuid": {
              "version": "1.4.1",
              "bundled": true
            },
            "oauth-sign": {
              "version": "0.3.0",
              "bundled": true,
              "optional": true
            },
            "qs": {
              "version": "0.6.6",
              "bundled": true
            },
            "tough-cookie": {
              "version": "0.9.15",
              "bundled": true,
              "optional": true,
              "requires": {
                "punycode": "1.2.3"
              },
              "dependencies": {
                "punycode": {
                  "version": "1.2.3",
                  "bundled": true,
                  "optional": true
                }
              }
            },
            "tunnel-agent": {
              "version": "0.3.0",
              "bundled": true,
              "optional": true
            }
          }
        },
        "retry": {
          "version": "0.6.0",
          "bundled": true
        },
        "rimraf": {
          "version": "2.2.8",
          "bundled": true
        },
        "semver": {
          "version": "2.3.0",
          "bundled": true
        },
        "sha": {
          "version": "1.2.4",
          "bundled": true,
          "requires": {
            "graceful-fs": "3.0.2",
            "readable-stream": "1.0.34"
          },
          "dependencies": {
            "readable-stream": {
              "version": "1.0.34",
              "resolved": "https://registry.npmjs.org/readable-stream/-/readable-stream-1.0.34.tgz",
              "integrity": "sha1-Elgg40vIQtLyqq+v5MKRbuMsFXw=",
              "optional": true,
              "requires": {
                "core-util-is": "1.0.2",
                "inherits": "2.0.1",
                "isarray": "0.0.1",
                "string_decoder": "0.10.31"
              }
            }
          }
        },
        "slide": {
          "version": "1.1.5",
          "bundled": true
        },
        "sorted-object": {
          "version": "1.0.0",
          "bundled": true
        },
        "string_decoder": {
          "version": "0.10.31",
          "resolved": "https://registry.npmjs.org/string_decoder/-/string_decoder-0.10.31.tgz",
          "integrity": "sha1-YuIDvEF2bGwoyfyEMB2rHFMQ+pQ=",
          "optional": true
        },
        "tar": {
          "version": "0.1.19",
          "bundled": true,
          "requires": {
            "block-stream": "0.0.7",
            "fstream": "0.1.27",
            "inherits": "2.0.1"
          }
        },
        "text-table": {
          "version": "0.2.0",
          "bundled": true
        },
        "uid-number": {
          "version": "0.0.5",
          "bundled": true
        },
        "which": {
          "version": "1.0.5",
          "bundled": true
        }
      }
    },
    "number-is-nan": {
      "version": "1.0.1",
      "resolved": "https://registry.npmjs.org/number-is-nan/-/number-is-nan-1.0.1.tgz",
      "integrity": "sha1-CXtgK1NCKlIsGvuHkDGDNpQaAR0="
    },
    "oauth-sign": {
      "version": "0.3.0",
      "resolved": "https://registry.npmjs.org/oauth-sign/-/oauth-sign-0.3.0.tgz",
      "integrity": "sha1-y1QPk7srIqfVlBaRoojWDo6pOG4="
    },
    "object-assign": {
      "version": "4.1.1",
      "resolved": "https://registry.npmjs.org/object-assign/-/object-assign-4.1.1.tgz",
      "integrity": "sha1-IQmtx5ZYh8/AXLvUQsrIv7s2CGM="
    },
    "optimist": {
      "version": "0.4.0",
      "resolved": "https://registry.npmjs.org/optimist/-/optimist-0.4.0.tgz",
      "integrity": "sha1-y47Dfy/jqphky2eidSUOfhliCiU=",
      "requires": {
        "wordwrap": "0.0.3"
      }
    },
    "packagegitconfig": {
      "version": "1.0.0",
      "resolved": "https://registry.npmjs.org/packagegitconfig/-/packagegitconfig-1.0.0.tgz",
      "integrity": "sha512-SvGNAjYwm+oxV9PReVfBqBo/A4D1eHmqAyNvWf9LAVSIAhLkCsMf8CiGFPLatbHf//XqpQz7xLogtfOIgutw2Q==",
      "requires": {
        "gitconfiglocal": "0.0.0",
        "github-url": "1.0.0",
        "packageroot": "1.0.0"
      }
    },
    "packagenpmjson": {
      "version": "1.0.0",
      "resolved": "https://registry.npmjs.org/packagenpmjson/-/packagenpmjson-1.0.0.tgz",
      "integrity": "sha512-UvbZ+kkHl66+N3TvQnyA6gVzQA4ZTPGdE3GLo3ODSDhjDdyZIczMz5m9yodzB9rszbCmrC9YF73Q5ltJt7uY2g==",
      "requires": {
        "packagegitconfig": "1.0.0",
        "packagereadme": "1.0.0",
        "shafile": "0.0.0"
      }
    },
    "packagereadme": {
      "version": "1.0.0",
      "resolved": "https://registry.npmjs.org/packagereadme/-/packagereadme-1.0.0.tgz",
      "integrity": "sha512-+rD/NxVqO05ckhnhlHwMhaOc3ShsE72tg5iv37bxS706DB3khQjQ/rdY7RY/lqRyX3bMsWtFVcu4O5fnzuO2tQ==",
      "requires": {
        "packageroot": "1.0.0"
      }
    },
    "packageroot": {
      "version": "1.0.0",
      "resolved": "https://registry.npmjs.org/packageroot/-/packageroot-1.0.0.tgz",
      "integrity": "sha512-EKHGT7SwikFa5CUB71PRAiEnjPcultQB7AsRTvGCyhdIMMbpUTVrW1e/ytnZXoG3D5FzPWElBNrzHjfTWIZOlA==",
      "requires": {
        "parents": "1.0.1"
      },
      "dependencies": {
        "parents": {
          "version": "1.0.1",
          "resolved": "https://registry.npmjs.org/parents/-/parents-1.0.1.tgz",
          "integrity": "sha1-/t1NK/GTp3dF/nHjcdc8MwfZx1E=",
          "requires": {
            "path-platform": "0.11.15"
          }
        },
        "path-platform": {
          "version": "0.11.15",
          "resolved": "https://registry.npmjs.org/path-platform/-/path-platform-0.11.15.tgz",
          "integrity": "sha1-6GQhf3TDaFDwhSt43Hv31KVyG/I="
        }
      }
    },
    "parents": {
      "version": "0.0.3",
      "resolved": "https://registry.npmjs.org/parents/-/parents-0.0.3.tgz",
      "integrity": "sha1-+iEvAk2fpjGNu2tM5nbIvkk7nEM=",
      "requires": {
        "path-platform": "0.0.1"
      }
    },
    "path-platform": {
      "version": "0.0.1",
      "resolved": "https://registry.npmjs.org/path-platform/-/path-platform-0.0.1.tgz",
      "integrity": "sha1-tVhdfDxGPYmqAGDYZhHPGv1hfio="
    },
    "process-nextick-args": {
      "version": "1.0.7",
      "resolved": "https://registry.npmjs.org/process-nextick-args/-/process-nextick-args-1.0.7.tgz",
      "integrity": "sha1-FQ4gt1ZZCtP5EJPyWk8q2L/zC6M="
    },
    "qs": {
      "version": "0.6.6",
      "resolved": "https://registry.npmjs.org/qs/-/qs-0.6.6.tgz",
      "integrity": "sha1-bgFQmP9RlouKPIGQAdXyyJvEsQc="
    },
    "readable-stream": {
      "version": "2.3.3",
      "resolved": "https://registry.npmjs.org/readable-stream/-/readable-stream-2.3.3.tgz",
      "integrity": "sha512-m+qzzcn7KUxEmd1gMbchF+Y2eIUbieUaxkWtptyHywrX0rE8QEYqPC07Vuy4Wm32/xE16NcdBctb8S0Xe/5IeQ==",
      "requires": {
        "core-util-is": "1.0.2",
        "inherits": "2.0.3",
        "isarray": "1.0.0",
        "process-nextick-args": "1.0.7",
        "safe-buffer": "5.1.1",
        "string_decoder": "1.0.3",
        "util-deprecate": "1.0.2"
      }
    },
    "request": {
      "version": "2.21.0",
      "resolved": "https://registry.npmjs.org/request/-/request-2.21.0.tgz",
      "integrity": "sha1-VyirnEXlqHyZ2szVMCmLZnOoaNc=",
      "requires": {
        "aws-sign": "0.3.0",
        "cookie-jar": "0.3.0",
        "forever-agent": "0.5.2",
        "form-data": "0.0.8",
        "hawk": "0.13.1",
        "http-signature": "0.9.11",
        "json-stringify-safe": "4.0.0",
        "mime": "1.2.11",
        "node-uuid": "1.4.8",
        "oauth-sign": "0.3.0",
        "qs": "0.6.6",
        "tunnel-agent": "0.3.0"
      },
      "dependencies": {
        "mime": {
          "version": "1.2.11",
          "resolved": "https://registry.npmjs.org/mime/-/mime-1.2.11.tgz",
          "integrity": "sha1-WCA+7Ybjpe8XrtK32evUfwpg3RA="
        }
      }
    },
    "safe-buffer": {
      "version": "5.1.1",
      "resolved": "https://registry.npmjs.org/safe-buffer/-/safe-buffer-5.1.1.tgz",
      "integrity": "sha512-kKvNJn6Mm93gAczWVJg7wH+wGYWNrDHdWvpUmHyEsgCtIwwo3bqPtV4tR5tuPaUhTOo/kvhVwd8XwwOllGYkbg=="
    },
    "sax": {
      "version": "0.5.8",
      "resolved": "https://registry.npmjs.org/sax/-/sax-0.5.8.tgz",
      "integrity": "sha1-1HLbIo6zMcJQaw6MFVJK25OdEsE="
    },
    "semver": {
      "version": "1.1.4",
      "resolved": "https://registry.npmjs.org/semver/-/semver-1.1.4.tgz",
      "integrity": "sha1-LlpOcrqwNHLMl/cnU7RQiRLvVUA="
    },
    "set-blocking": {
      "version": "2.0.0",
      "resolved": "https://registry.npmjs.org/set-blocking/-/set-blocking-2.0.0.tgz",
      "integrity": "sha1-BF+XgtARrppoA93TgrJDkrPYkPc="
    },
    "shafile": {
      "version": "0.0.0",
      "resolved": "https://registry.npmjs.org/shafile/-/shafile-0.0.0.tgz",
      "integrity": "sha1-xR7p+IaENSrJBX6ttJKImyQr8aQ="
    },
    "signal-exit": {
      "version": "3.0.2",
      "resolved": "https://registry.npmjs.org/signal-exit/-/signal-exit-3.0.2.tgz",
      "integrity": "sha1-tf3AjxKH6hF4Yo5BXiUTK3NkbG0="
    },
    "sntp": {
      "version": "0.2.4",
      "resolved": "https://registry.npmjs.org/sntp/-/sntp-0.2.4.tgz",
      "integrity": "sha1-+4hfGLDzqtGJ+CSGJTa87ux1CQA=",
      "requires": {
        "hoek": "0.9.1"
      },
      "dependencies": {
        "hoek": {
          "version": "0.9.1",
          "resolved": "https://registry.npmjs.org/hoek/-/hoek-0.9.1.tgz",
          "integrity": "sha1-PTIkYrrfB3Fup+uFuviAec3c5QU="
        }
      }
    },
    "string-width": {
      "version": "1.0.2",
      "resolved": "https://registry.npmjs.org/string-width/-/string-width-1.0.2.tgz",
      "integrity": "sha1-EYvfW4zcUaKn5w0hHgfisLmxB9M=",
      "requires": {
        "code-point-at": "1.1.0",
        "is-fullwidth-code-point": "1.0.0",
        "strip-ansi": "3.0.1"
      }
    },
    "string_decoder": {
      "version": "1.0.3",
      "resolved": "https://registry.npmjs.org/string_decoder/-/string_decoder-1.0.3.tgz",
      "integrity": "sha512-4AH6Z5fzNNBcH+6XDMfA/BTt87skxqJlO0lAh3Dker5zThcAxG6mKz+iGu308UKoPPQ8Dcqx/4JhujzltRa+hQ==",
      "requires": {
        "safe-buffer": "5.1.1"
      }
    },
    "strip-ansi": {
      "version": "3.0.1",
      "resolved": "https://registry.npmjs.org/strip-ansi/-/strip-ansi-3.0.1.tgz",
      "integrity": "sha1-ajhfuIU9lS1f8F0Oiq+UJ43GPc8=",
      "requires": {
        "ansi-regex": "2.1.1"
      }
    },
    "tape": {
      "version": "1.0.4",
      "resolved": "https://registry.npmjs.org/tape/-/tape-1.0.4.tgz",
      "integrity": "sha1-4ujlxt0/AP3CpeRRT2L8Ih5Z+cQ=",
      "dev": true,
      "requires": {
        "deep-equal": "0.0.0",
        "defined": "0.0.0",
        "jsonify": "0.0.0",
        "through": "2.3.8"
      }
    },
    "through": {
      "version": "2.3.8",
      "resolved": "https://registry.npmjs.org/through/-/through-2.3.8.tgz",
      "integrity": "sha1-DdTJ/6q8NXlgsbckEV1+Doai4fU=",
      "dev": true
    },
    "tunnel-agent": {
      "version": "0.3.0",
      "resolved": "https://registry.npmjs.org/tunnel-agent/-/tunnel-agent-0.3.0.tgz",
      "integrity": "sha1-rWgbaPUyGtKCfEz7G31d8s/pQu4="
    },
    "util-deprecate": {
      "version": "1.0.2",
      "resolved": "https://registry.npmjs.org/util-deprecate/-/util-deprecate-1.0.2.tgz",
      "integrity": "sha1-RQ1Nyfpw3nMnYvvS1KKJgUGaDM8="
    },
    "wide-align": {
      "version": "1.1.2",
      "resolved": "https://registry.npmjs.org/wide-align/-/wide-align-1.1.2.tgz",
      "integrity": "sha512-ijDLlyQ7s6x1JgCLur53osjm/UXUYD9+0PbYKrBsYisYXzCxN+HC3mYDNy/dWdmf3AwqwU3CXwDCvsNgGK1S0w==",
      "requires": {
        "string-width": "1.0.2"
      }
    },
    "wordwrap": {
      "version": "0.0.3",
      "resolved": "https://registry.npmjs.org/wordwrap/-/wordwrap-0.0.3.tgz",
      "integrity": "sha1-o9XabNXAvAAI03I0u68b7WMFkQc="
    },
    "xml2js": {
      "version": "0.2.8",
      "resolved": "https://registry.npmjs.org/xml2js/-/xml2js-0.2.8.tgz",
      "integrity": "sha1-m4FpCTFjH/CdGVdUn69U9PmAs8I=",
      "requires": {
        "sax": "0.5.8"
      }
    }
  }
}
